
Microsoft Visual Studio Solution File, Format Version 12.00
# Visual Studio 15
VisualStudioVersion = 15.0.26403.3
MinimumVisualStudioVersion = 10.0.40219.1
Project("{FAE04EC0-301F-11D3-BF4B-00C04F79EFBC}") = "SearchAlgorithmsLib", "SearchAlgorithmsLib\SearchAlgorithmsLib.csproj", "{37895F05-1F0A-41DA-9602-3425DBF49CC1}"
EndProject
Project("{FAE04EC0-301F-11D3-BF4B-00C04F79EFBC}") = "Part1", "Part1\Part1.csproj", "{99D48EDC-2644-4ED0-99EF-18923483E1D1}"
EndProject
Project("{FAE04EC0-301F-11D3-BF4B-00C04F79EFBC}") = "TheServer", "TheServer\TheServer.csproj", "{88F924BE-905A-4D74-BB72-237D2F0996DA}"
EndProject
Project("{FAE04EC0-301F-11D3-BF4B-00C04F79EFBC}") = "TheClient", "TheClient\TheClient.csproj", "{824D1DAC-9334-45A4-9F2B-363E5B4F8D5C}"
EndProject
Project("{2150E333-8FDC-42A3-9474-1A3956D46DE8}") = "GUI", "GUI", "{5CDD27BF-0982-4B99-8B5D-F11913642676}"
EndProject
Project("{FAE04EC0-301F-11D3-BF4B-00C04F79EFBC}") = "TheMazeGui", "TheMazeGui\TheMazeGui.csproj", "{16B17AE9-07B3-4118-A6B2-C59783E5E7FE}"
EndProject
Project("{FAE04EC0-301F-11D3-BF4B-00C04F79EFBC}") = "TheClientDll", "TheClientDll\TheClientDll.csproj", "{D3744234-21FF-44D7-9185-8C7D9A38E89E}"
EndProject
Global
	GlobalSection(SolutionConfigurationPlatforms) = preSolution
		Debug|Any CPU = Debug|Any CPU
		Release|Any CPU = Release|Any CPU
	EndGlobalSection
	GlobalSection(ProjectConfigurationPlatforms) = postSolution
		{37895F05-1F0A-41DA-9602-3425DBF49CC1}.Debug|Any CPU.ActiveCfg = Debug|Any CPU
		{37895F05-1F0A-41DA-9602-3425DBF49CC1}.Debug|Any CPU.Build.0 = Debug|Any CPU
		{37895F05-1F0A-41DA-9602-3425DBF49CC1}.Release|Any CPU.ActiveCfg = Release|Any CPU
		{37895F05-1F0A-41DA-9602-3425DBF49CC1}.Release|Any CPU.Build.0 = Release|Any CPU
		{99D48EDC-2644-4ED0-99EF-18923483E1D1}.Debug|Any CPU.ActiveCfg = Debug|Any CPU
		{99D48EDC-2644-4ED0-99EF-18923483E1D1}.Debug|Any CPU.Build.0 = Debug|Any CPU
		{99D48EDC-2644-4ED0-99EF-18923483E1D1}.Release|Any CPU.ActiveCfg = Release|Any CPU
		{99D48EDC-2644-4ED0-99EF-18923483E1D1}.Release|Any CPU.Build.0 = Release|Any CPU
		{88F924BE-905A-4D74-BB72-237D2F0996DA}.Debug|Any CPU.ActiveCfg = Debug|Any CPU
		{88F924BE-905A-4D74-BB72-237D2F0996DA}.Debug|Any CPU.Build.0 = Debug|Any CPU
		{88F924BE-905A-4D74-BB72-237D2F0996DA}.Release|Any CPU.ActiveCfg = Release|Any CPU
		{88F924BE-905A-4D74-BB72-237D2F0996DA}.Release|Any CPU.Build.0 = Release|Any CPU
		{824D1DAC-9334-45A4-9F2B-363E5B4F8D5C}.Debug|Any CPU.ActiveCfg = Debug|Any CPU
		{824D1DAC-9334-45A4-9F2B-363E5B4F8D5C}.Debug|Any CPU.Build.0 = Debug|Any CPU
		{824D1DAC-9334-45A4-9F2B-363E5B4F8D5C}.Release|Any CPU.ActiveCfg = Release|Any CPU
		{824D1DAC-9334-45A4-9F2B-363E5B4F8D5C}.Release|Any CPU.Build.0 = Release|Any CPU
		{16B17AE9-07B3-4118-A6B2-C59783E5E7FE}.Debug|Any CPU.ActiveCfg = Debug|Any CPU
		{16B17AE9-07B3-4118-A6B2-C59783E5E7FE}.Debug|Any CPU.Build.0 = Debug|Any CPU
		{16B17AE9-07B3-4118-A6B2-C59783E5E7FE}.Release|Any CPU.ActiveCfg = Release|Any CPU
		{16B17AE9-07B3-4118-A6B2-C59783E5E7FE}.Release|Any CPU.Build.0 = Release|Any CPU
		{D3744234-21FF-44D7-9185-8C7D9A38E89E}.Debug|Any CPU.ActiveCfg = Debug|Any CPU
		{D3744234-21FF-44D7-9185-8C7D9A38E89E}.Debug|Any CPU.Build.0 = Debug|Any CPU
		{D3744234-21FF-44D7-9185-8C7D9A38E89E}.Release|Any CPU.ActiveCfg = Release|Any CPU
		{D3744234-21FF-44D7-9185-8C7D9A38E89E}.Release|Any CPU.Build.0 = Release|Any CPU
	EndGlobalSection
	GlobalSection(SolutionProperties) = preSolution
		HideSolutionNode = FALSE
	EndGlobalSection
	GlobalSection(NestedProjects) = preSolution
		{16B17AE9-07B3-4118-A6B2-C59783E5E7FE} = {5CDD27BF-0982-4B99-8B5D-F11913642676}
		{D3744234-21FF-44D7-9185-8C7D9A38E89E} = {5CDD27BF-0982-4B99-8B5D-F11913642676}
	EndGlobalSection
EndGlobal
